
Microsoft Visual Studio Solution File, Format Version 10.00
# Visual Studio 2008
Project("{8BC9CEB8-8B4A-11D0-8D11-00A0C91BC942}") = "Server", "server.vcproj", "{10DCBB24-F8BB-4796-A653-6DE9C8AAC24B}"
EndProject
Project("{8BC9CEB8-8B4A-11D0-8D11-00A0C91BC942}") = "Setup", "setup.vcproj", "{01975BB6-D2DA-48E7-AE0D-6A8AC8ECF48A}"
	ProjectSection(ProjectDependencies) = postProject
		{35F435DB-AC4A-4F28-BA2D-812E638FB01A} = {35F435DB-AC4A-4F28-BA2D-812E638FB01A}
	EndProjectSection
EndProject
Project("{8BC9CEB8-8B4A-11D0-8D11-00A0C91BC942}") = "libpcsound", "libpcsound.vcproj", "{66CD7F50-73B9-482F-8B69-1AF54983F845}"
EndProject
Project("{8BC9CEB8-8B4A-11D0-8D11-00A0C91BC942}") = "libtextscreen", "libtextscreen.vcproj", "{35F435DB-AC4A-4F28-BA2D-812E638FB01A}"
EndProject
Project("{8BC9CEB8-8B4A-11D0-8D11-00A0C91BC942}") = "Strife", "strife.vcproj", "{FC4DACBA-2A3E-4AF0-804A-AF5FFFD13B08}"
	ProjectSection(ProjectDependencies) = postProject
		{0008960E-E0DD-41A6-8265-00B31DDB4C21} = {0008960E-E0DD-41A6-8265-00B31DDB4C21}
		{FC8D0610-1507-4F36-99BC-6F5A422B6AD3} = {FC8D0610-1507-4F36-99BC-6F5A422B6AD3}
		{66CD7F50-73B9-482F-8B69-1AF54983F845} = {66CD7F50-73B9-482F-8B69-1AF54983F845}
		{35F435DB-AC4A-4F28-BA2D-812E638FB01A} = {35F435DB-AC4A-4F28-BA2D-812E638FB01A}
	EndProjectSection
EndProject
Project("{8BC9CEB8-8B4A-11D0-8D11-00A0C91BC942}") = "libopl", "libopl.vcproj", "{FC8D0610-1507-4F36-99BC-6F5A422B6AD3}"
EndProject
Project("{8BC9CEB8-8B4A-11D0-8D11-00A0C91BC942}") = "libpng", "..\lpng1612\projects\visualc71\libpng.vcproj", "{0008960E-E0DD-41A6-8265-00B31DDB4C21}"
	ProjectSection(ProjectDependencies) = postProject
		{2D4F8105-7D21-454C-9932-B47CAB71A5C0} = {2D4F8105-7D21-454C-9932-B47CAB71A5C0}
	EndProjectSection
EndProject
Project("{8BC9CEB8-8B4A-11D0-8D11-00A0C91BC942}") = "zlib", "..\lpng1612\projects\visualc71\zlib.vcproj", "{2D4F8105-7D21-454C-9932-B47CAB71A5C0}"
EndProject
Global
	GlobalSection(SolutionConfigurationPlatforms) = preSolution
		Debug|Win32 = Debug|Win32
		DLL Debug|Win32 = DLL Debug|Win32
		DLL Release|Win32 = DLL Release|Win32
		DLL VB|Win32 = DLL VB|Win32
		LIB Debug|Win32 = LIB Debug|Win32
		LIB Release|Win32 = LIB Release|Win32
		Release|Win32 = Release|Win32
	EndGlobalSection
	GlobalSection(ProjectConfigurationPlatforms) = postSolution
		{10DCBB24-F8BB-4796-A653-6DE9C8AAC24B}.Debug|Win32.ActiveCfg = Debug|Win32
		{10DCBB24-F8BB-4796-A653-6DE9C8AAC24B}.DLL Debug|Win32.ActiveCfg = Debug|Win32
		{10DCBB24-F8BB-4796-A653-6DE9C8AAC24B}.DLL Debug|Win32.Build.0 = Debug|Win32
		{10DCBB24-F8BB-4796-A653-6DE9C8AAC24B}.DLL Release|Win32.ActiveCfg = Release|Win32
		{10DCBB24-F8BB-4796-A653-6DE9C8AAC24B}.DLL Release|Win32.Build.0 = Release|Win32
		{10DCBB24-F8BB-4796-A653-6DE9C8AAC24B}.DLL VB|Win32.ActiveCfg = Debug|Win32
		{10DCBB24-F8BB-4796-A653-6DE9C8AAC24B}.DLL VB|Win32.Build.0 = Debug|Win32
		{10DCBB24-F8BB-4796-A653-6DE9C8AAC24B}.LIB Debug|Win32.ActiveCfg = Debug|Win32
		{10DCBB24-F8BB-4796-A653-6DE9C8AAC24B}.LIB Debug|Win32.Build.0 = Debug|Win32
		{10DCBB24-F8BB-4796-A653-6DE9C8AAC24B}.LIB Release|Win32.ActiveCfg = Release|Win32
		{10DCBB24-F8BB-4796-A653-6DE9C8AAC24B}.LIB Release|Win32.Build.0 = Release|Win32
		{10DCBB24-F8BB-4796-A653-6DE9C8AAC24B}.Release|Win32.ActiveCfg = Release|Win32
		{10DCBB24-F8BB-4796-A653-6DE9C8AAC24B}.Release|Win32.Build.0 = Release|Win32
		{01975BB6-D2DA-48E7-AE0D-6A8AC8ECF48A}.Debug|Win32.ActiveCfg = Debug|Win32
		{01975BB6-D2DA-48E7-AE0D-6A8AC8ECF48A}.DLL Debug|Win32.ActiveCfg = Debug|Win32
		{01975BB6-D2DA-48E7-AE0D-6A8AC8ECF48A}.DLL Debug|Win32.Build.0 = Debug|Win32
		{01975BB6-D2DA-48E7-AE0D-6A8AC8ECF48A}.DLL Release|Win32.ActiveCfg = Release|Win32
		{01975BB6-D2DA-48E7-AE0D-6A8AC8ECF48A}.DLL Release|Win32.Build.0 = Release|Win32
		{01975BB6-D2DA-48E7-AE0D-6A8AC8ECF48A}.DLL VB|Win32.ActiveCfg = Debug|Win32
		{01975BB6-D2DA-48E7-AE0D-6A8AC8ECF48A}.DLL VB|Win32.Build.0 = Debug|Win32
		{01975BB6-D2DA-48E7-AE0D-6A8AC8ECF48A}.LIB Debug|Win32.ActiveCfg = Debug|Win32
		{01975BB6-D2DA-48E7-AE0D-6A8AC8ECF48A}.LIB Debug|Win32.Build.0 = Debug|Win32
		{01975BB6-D2DA-48E7-AE0D-6A8AC8ECF48A}.LIB Release|Win32.ActiveCfg = Release|Win32
		{01975BB6-D2DA-48E7-AE0D-6A8AC8ECF48A}.LIB Release|Win32.Build.0 = Release|Win32
		{01975BB6-D2DA-48E7-AE0D-6A8AC8ECF48A}.Release|Win32.ActiveCfg = Release|Win32
		{01975BB6-D2DA-48E7-AE0D-6A8AC8ECF48A}.Release|Win32.Build.0 = Release|Win32
		{66CD7F50-73B9-482F-8B69-1AF54983F845}.Debug|Win32.ActiveCfg = Debug|Win32
		{66CD7F50-73B9-482F-8B69-1AF54983F845}.Debug|Win32.Build.0 = Debug|Win32
		{66CD7F50-73B9-482F-8B69-1AF54983F845}.DLL Debug|Win32.ActiveCfg = Debug|Win32
		{66CD7F50-73B9-482F-8B69-1AF54983F845}.DLL Debug|Win32.Build.0 = Debug|Win32
		{66CD7F50-73B9-482F-8B69-1AF54983F845}.DLL Release|Win32.ActiveCfg = Release|Win32
		{66CD7F50-73B9-482F-8B69-1AF54983F845}.DLL Release|Win32.Build.0 = Release|Win32
		{66CD7F50-73B9-482F-8B69-1AF54983F845}.DLL VB|Win32.ActiveCfg = Debug|Win32
		{66CD7F50-73B9-482F-8B69-1AF54983F845}.DLL VB|Win32.Build.0 = Debug|Win32
		{66CD7F50-73B9-482F-8B69-1AF54983F845}.LIB Debug|Win32.ActiveCfg = Debug|Win32
		{66CD7F50-73B9-482F-8B69-1AF54983F845}.LIB Debug|Win32.Build.0 = Debug|Win32
		{66CD7F50-73B9-482F-8B69-1AF54983F845}.LIB Release|Win32.ActiveCfg = Release|Win32
		{66CD7F50-73B9-482F-8B69-1AF54983F845}.LIB Release|Win32.Build.0 = Release|Win32
		{66CD7F50-73B9-482F-8B69-1AF54983F845}.Release|Win32.ActiveCfg = Release|Win32
		{66CD7F50-73B9-482F-8B69-1AF54983F845}.Release|Win32.Build.0 = Release|Win32
		{35F435DB-AC4A-4F28-BA2D-812E638FB01A}.Debug|Win32.ActiveCfg = Debug|Win32
		{35F435DB-AC4A-4F28-BA2D-812E638FB01A}.Debug|Win32.Build.0 = Debug|Win32
		{35F435DB-AC4A-4F28-BA2D-812E638FB01A}.DLL Debug|Win32.ActiveCfg = Debug|Win32
		{35F435DB-AC4A-4F28-BA2D-812E638FB01A}.DLL Debug|Win32.Build.0 = Debug|Win32
		{35F435DB-AC4A-4F28-BA2D-812E638FB01A}.DLL Release|Win32.ActiveCfg = Release|Win32
		{35F435DB-AC4A-4F28-BA2D-812E638FB01A}.DLL Release|Win32.Build.0 = Release|Win32
		{35F435DB-AC4A-4F28-BA2D-812E638FB01A}.DLL VB|Win32.ActiveCfg = Debug|Win32
		{35F435DB-AC4A-4F28-BA2D-812E638FB01A}.DLL VB|Win32.Build.0 = Debug|Win32
		{35F435DB-AC4A-4F28-BA2D-812E638FB01A}.LIB Debug|Win32.ActiveCfg = Debug|Win32
		{35F435DB-AC4A-4F28-BA2D-812E638FB01A}.LIB Debug|Win32.Build.0 = Debug|Win32
		{35F435DB-AC4A-4F28-BA2D-812E638FB01A}.LIB Release|Win32.ActiveCfg = Release|Win32
		{35F435DB-AC4A-4F28-BA2D-812E638FB01A}.LIB Release|Win32.Build.0 = Release|Win32
		{35F435DB-AC4A-4F28-BA2D-812E638FB01A}.Release|Win32.ActiveCfg = Release|Win32
		{35F435DB-AC4A-4F28-BA2D-812E638FB01A}.Release|Win32.Build.0 = Release|Win32
		{FC4DACBA-2A3E-4AF0-804A-AF5FFFD13B08}.Debug|Win32.ActiveCfg = Debug|Win32
		{FC4DACBA-2A3E-4AF0-804A-AF5FFFD13B08}.Debug|Win32.Build.0 = Debug|Win32
		{FC4DACBA-2A3E-4AF0-804A-AF5FFFD13B08}.DLL Debug|Win32.ActiveCfg = Debug|Win32
		{FC4DACBA-2A3E-4AF0-804A-AF5FFFD13B08}.DLL Debug|Win32.Build.0 = Debug|Win32
		{FC4DACBA-2A3E-4AF0-804A-AF5FFFD13B08}.DLL Release|Win32.ActiveCfg = Release|Win32
		{FC4DACBA-2A3E-4AF0-804A-AF5FFFD13B08}.DLL Release|Win32.Build.0 = Release|Win32
		{FC4DACBA-2A3E-4AF0-804A-AF5FFFD13B08}.DLL VB|Win32.ActiveCfg = Debug|Win32
		{FC4DACBA-2A3E-4AF0-804A-AF5FFFD13B08}.DLL VB|Win32.Build.0 = Debug|Win32
		{FC4DACBA-2A3E-4AF0-804A-AF5FFFD13B08}.LIB Debug|Win32.ActiveCfg = Debug|Win32
		{FC4DACBA-2A3E-4AF0-804A-AF5FFFD13B08}.LIB Debug|Win32.Build.0 = Debug|Win32
		{FC4DACBA-2A3E-4AF0-804A-AF5FFFD13B08}.LIB Release|Win32.ActiveCfg = Release|Win32
		{FC4DACBA-2A3E-4AF0-804A-AF5FFFD13B08}.LIB Release|Win32.Build.0 = Release|Win32
		{FC4DACBA-2A3E-4AF0-804A-AF5FFFD13B08}.Release|Win32.ActiveCfg = Release|Win32
		{FC4DACBA-2A3E-4AF0-804A-AF5FFFD13B08}.Release|Win32.Build.0 = Release|Win32
		{FC8D0610-1507-4F36-99BC-6F5A422B6AD3}.Debug|Win32.ActiveCfg = Debug|Win32
		{FC8D0610-1507-4F36-99BC-6F5A422B6AD3}.Debug|Win32.Build.0 = Debug|Win32
		{FC8D0610-1507-4F36-99BC-6F5A422B6AD3}.DLL Debug|Win32.ActiveCfg = Debug|Win32
		{FC8D0610-1507-4F36-99BC-6F5A422B6AD3}.DLL Debug|Win32.Build.0 = Debug|Win32
		{FC8D0610-1507-4F36-99BC-6F5A422B6AD3}.DLL Release|Win32.ActiveCfg = Release|Win32
		{FC8D0610-1507-4F36-99BC-6F5A422B6AD3}.DLL Release|Win32.Build.0 = Release|Win32
		{FC8D0610-1507-4F36-99BC-6F5A422B6AD3}.DLL VB|Win32.ActiveCfg = Debug|Win32
		{FC8D0610-1507-4F36-99BC-6F5A422B6AD3}.DLL VB|Win32.Build.0 = Debug|Win32
		{FC8D0610-1507-4F36-99BC-6F5A422B6AD3}.LIB Debug|Win32.ActiveCfg = Debug|Win32
		{FC8D0610-1507-4F36-99BC-6F5A422B6AD3}.LIB Debug|Win32.Build.0 = Debug|Win32
		{FC8D0610-1507-4F36-99BC-6F5A422B6AD3}.LIB Release|Win32.ActiveCfg = Release|Win32
		{FC8D0610-1507-4F36-99BC-6F5A422B6AD3}.LIB Release|Win32.Build.0 = Release|Win32
		{FC8D0610-1507-4F36-99BC-6F5A422B6AD3}.Release|Win32.ActiveCfg = Release|Win32
		{FC8D0610-1507-4F36-99BC-6F5A422B6AD3}.Release|Win32.Build.0 = Release|Win32
		{0008960E-E0DD-41A6-8265-00B31DDB4C21}.Debug|Win32.ActiveCfg = LIB Debug|Win32
		{0008960E-E0DD-41A6-8265-00B31DDB4C21}.Debug|Win32.Build.0 = LIB Debug|Win32
		{0008960E-E0DD-41A6-8265-00B31DDB4C21}.DLL Debug|Win32.ActiveCfg = DLL Debug|Win32
		{0008960E-E0DD-41A6-8265-00B31DDB4C21}.DLL Debug|Win32.Build.0 = DLL Debug|Win32
		{0008960E-E0DD-41A6-8265-00B31DDB4C21}.DLL Release|Win32.ActiveCfg = DLL Release|Win32
		{0008960E-E0DD-41A6-8265-00B31DDB4C21}.DLL Release|Win32.Build.0 = DLL Release|Win32
		{0008960E-E0DD-41A6-8265-00B31DDB4C21}.DLL VB|Win32.ActiveCfg = DLL VB|Win32
		{0008960E-E0DD-41A6-8265-00B31DDB4C21}.DLL VB|Win32.Build.0 = DLL VB|Win32
		{0008960E-E0DD-41A6-8265-00B31DDB4C21}.LIB Debug|Win32.ActiveCfg = LIB Debug|Win32
		{0008960E-E0DD-41A6-8265-00B31DDB4C21}.LIB Debug|Win32.Build.0 = LIB Debug|Win32
		{0008960E-E0DD-41A6-8265-00B31DDB4C21}.LIB Release|Win32.ActiveCfg = LIB Release|Win32
		{0008960E-E0DD-41A6-8265-00B31DDB4C21}.LIB Release|Win32.Build.0 = LIB Release|Win32
		{0008960E-E0DD-41A6-8265-00B31DDB4C21}.Release|Win32.ActiveCfg = LIB Release|Win32
		{0008960E-E0DD-41A6-8265-00B31DDB4C21}.Release|Win32.Build.0 = LIB Release|Win32
		{2D4F8105-7D21-454C-9932-B47CAB71A5C0}.Debug|Win32.ActiveCfg = LIB Debug|Win32
		{2D4F8105-7D21-454C-9932-B47CAB71A5C0}.Debug|Win32.Build.0 = LIB Debug|Win32
		{2D4F8105-7D21-454C-9932-B47CAB71A5C0}.DLL Debug|Win32.ActiveCfg = DLL Debug|Win32
		{2D4F8105-7D21-454C-9932-B47CAB71A5C0}.DLL Debug|Win32.Build.0 = DLL Debug|Win32
		{2D4F8105-7D21-454C-9932-B47CAB71A5C0}.DLL Release|Win32.ActiveCfg = DLL Release|Win32
		{2D4F8105-7D21-454C-9932-B47CAB71A5C0}.DLL Release|Win32.Build.0 = DLL Release|Win32
		{2D4F8105-7D21-454C-9932-B47CAB71A5C0}.DLL VB|Win32.ActiveCfg = DLL Debug|Win32
		{2D4F8105-7D21-454C-9932-B47CAB71A5C0}.DLL VB|Win32.Build.0 = DLL Debug|Win32
		{2D4F8105-7D21-454C-9932-B47CAB71A5C0}.LIB Debug|Win32.ActiveCfg = LIB Debug|Win32
		{2D4F8105-7D21-454C-9932-B47CAB71A5C0}.LIB Debug|Win32.Build.0 = LIB Debug|Win32
		{2D4F8105-7D21-454C-9932-B47CAB71A5C0}.LIB Release|Win32.ActiveCfg = LIB Release|Win32
		{2D4F8105-7D21-454C-9932-B47CAB71A5C0}.LIB Release|Win32.Build.0 = LIB Release|Win32
		{2D4F8105-7D21-454C-9932-B47CAB71A5C0}.Release|Win32.ActiveCfg = LIB Release|Win32
		{2D4F8105-7D21-454C-9932-B47CAB71A5C0}.Release|Win32.Build.0 = LIB Release|Win32
	EndGlobalSection
	GlobalSection(SolutionProperties) = preSolution
		HideSolutionNode = FALSE
	EndGlobalSection
EndGlobal
